
Microsoft Visual Studio Solution File, Format Version 12.00
# Visual Studio Version 17
VisualStudioVersion = 17.14.36616.10 d17.14
MinimumVisualStudioVersion = 10.0.40219.1
Project("{FAE04EC0-301F-11D3-BF4B-00C04F79EFBC}") = "cooke", "cooke.csproj", "{D0494B25-14DD-4E56-8BBB-28E80333E443}"
EndProject
Global
	GlobalSection(SolutionConfigurationPlatforms) = preSolution
		Debug|Any CPU = Debug|Any CPU
		Release|Any CPU = Release|Any CPU
	EndGlobalSection
	GlobalSection(ProjectConfigurationPlatforms) = postSolution
		{D0494B25-14DD-4E56-8BBB-28E80333E443}.Debug|Any CPU.ActiveCfg = Debug|Any CPU
		{D0494B25-14DD-4E56-8BBB-28E80333E443}.Debug|Any CPU.Build.0 = Debug|Any CPU
		{D0494B25-14DD-4E56-8BBB-28E80333E443}.Release|Any CPU.ActiveCfg = Release|Any CPU
		{D0494B25-14DD-4E56-8BBB-28E80333E443}.Release|Any CPU.Build.0 = Release|Any CPU
	EndGlobalSection
	GlobalSection(SolutionProperties) = preSolution
		HideSolutionNode = FALSE
	EndGlobalSection
	GlobalSection(ExtensibilityGlobals) = postSolution
		SolutionGuid = {18546F29-35D0-4ABD-A794-786994E1CB9B}
	EndGlobalSection
EndGlobal
